package: github.com/rancher/rio-autoscaler
import:
- package: github.com/davecgh/go-spew
  version: v1.1.0-1-g782f4967f2dc45
- package: github.com/docker/distribution
  version: v2.6.0-rc.1-209-gedc3ab29cdff86
- package: github.com/evanphx/json-patch
  version: v4.1.0-19-g5858425f75500d
- package: github.com/ghodss/yaml
  version: v1.0.0-4-gc7ce16629ff4cd
- package: github.com/gogo/protobuf
  version: v0.5
- package: github.com/golang/groupcache
  version: 02826c3e79038b59d737d3b1c0a1d937f71a4433
- package: github.com/golang/protobuf
  version: v1.1.0
- package: github.com/google/btree
  version: 7d79101e329e5a3adf994758c578dab82b90c017
- package: github.com/google/go-cmp
  version: v0.2.0
- package: github.com/google/gofuzz
  version: 44d81051d367757e1c7c6a5a86423ece9afcf63c
- package: github.com/googleapis/gnostic
  version: 0c5108395e2debce0d731cf0287ddf7242066aba
- package: github.com/gregjones/httpcache
  version: 787624de3eb7bd915c329cba748687a3b22666a6
- package: github.com/hashicorp/golang-lru
  version: a0d98a5f288019575c6d1f4bb1573fef2d1fcdc4
- package: github.com/imdario/mergo
  version: v0.3.5
- package: github.com/json-iterator/go
  version: 1.1.4
- package: github.com/knative/build
  version: v0.2.0
- package: github.com/knative/caching
  version: 6be7c335a215cbad363aea46762571bbe79df22d
- package: github.com/knative/pkg
  version: b477f891a83bb9b4796987c0b211c658a2ab4d00
  repo: https://github.com/rancher/pkg.git
- package: github.com/knative/serving
  version: v0.2.3
- package: github.com/mattbaird/jsonpatch
  version: 81af80346b1a01caae0cbc27fd3c1ba5b11e189f
- package: github.com/modern-go/concurrent
  version: 1.0.3
- package: github.com/modern-go/reflect2
  version: v1.0.1
- package: github.com/mxk/go-flowrate
  version: cca7078d478f8520f85629ad7c68962d31ed7682
- package: github.com/opencontainers/go-digest
  version: a6d0ee40d4207ea02364bd3b9e8e77b9159ba1eb
- package: github.com/peterbourgon/diskv
  version: v2.0.1
- package: github.com/pkg/errors
  version: v0.8.0
- package: github.com/prometheus/client_golang
  version: master
- package: github.com/prometheus/common
  version: 13ba4ddd0caa9c28ca7b7bffe1dfa9ed8d5ef207
- package: github.com/rancher/mapper
  version: 3504e44bb04110ef0b083745366cd1c70f53d8b3
- package: github.com/rancher/rancher
  version: dff3da15ed34fe5f3847d4c355180d0c3e41ab21
- package: github.com/rancher/rio
  version: f4ea6f2632ebd8051c7e28069443e9e1e36ce900
  repo: https://github.com/StrongMonkey/rio.git
- package: github.com/rancher/wrangler
  version: b76ec8e2558efd9a1a996c1cb4d76eb258b1219f
- package: github.com/sirupsen/logrus
  version: v1.0.3-11-g89742aefa4b206
- package: github.com/spf13/pflag
  version: v1.0.1
- package: github.com/urfave/cli
  version: v1.18.0
- package: go.opencensus.io/exemplar
  version: v0.18.0
- package: go.opencensus.io/internal/tagencoding
  version: v0.18.0
- package: go.opencensus.io/stats
  version: v0.18.0
- package: go.opencensus.io/tag
  version: v0.18.0
- package: go.uber.org/atomic
  version: v1.3.2
- package: go.uber.org/multierr
  version: v1.1.0
- package: go.uber.org/zap
  version: v1.9.1
- package: go.uber.org/zap/buffer
  version: v1.9.1-1-g67bc79d13d155c
- package: golang.org/x/crypto
  version: de0752318171da717af4ce24d0a2e8626afaeb11
- package: golang.org/x/net
  version: 891ebc4b82d6e74f468c533b06f983c7be918a96
- package: golang.org/x/oauth2
  version: a6bd8cefa1811bd24b86f8902872e4e8225f74c4
- package: golang.org/x/sync
  version: 450f422ab23cf9881c94e2db30cac0eb1b7cf80c
- package: golang.org/x/sys
  version: 95c6576299259db960f6c5b9b69ea52422860fce
- package: golang.org/x/text
  version: b19bf474d317b857955b12035d2c5acb57ce8b01
- package: golang.org/x/time
  version: f51c12702a4d776e4c1fa9b0fabab841babae631
- package: gopkg.in/inf.v0
  version: v0.9.0
- package: gopkg.in/yaml.v2
  version: v2.2.1
- package: k8s.io/klog
  version: 8139d8cb77af419532b33dfa7dd09fbc5f1d344f
- package: k8s.io/kubernetes
  version: v1.13.4-k3s.2
  repo: https://github.com/rancher/k3s.git
  transitive: true
  staging: true
- package: k8s.io/utils
  version: 66066c83e385e385ccc3c964b44fd7dcd413d0ed
- package: sigs.k8s.io/yaml
  version: v1.1.0
